// !$*UTF8*$!
{
	archiveVersion = 1;
	classes = {
	};
	objectVersion = 56;
	objects = {

/* Begin PBXBuildFile section */
		BC6D8EA22C0EFBB600051C0E /* AppDelegate.swift in Sources */ = {isa = PBXBuildFile; fileRef = BC6D8EA12C0EFBB600051C0E /* AppDelegate.swift */; };
		BC6D8EA42C0EFBB600051C0E /* SceneDelegate.swift in Sources */ = {isa = PBXBuildFile; fileRef = BC6D8EA32C0EFBB600051C0E /* SceneDelegate.swift */; };
		BC6D8EA62C0EFBB600051C0E /* ViewController.swift in Sources */ = {isa = PBXBuildFile; fileRef = BC6D8EA52C0EFBB600051C0E /* ViewController.swift */; };
		BC6D8EAB2C0EFBB700051C0E /* Assets.xcassets in Resources */ = {isa = PBXBuildFile; fileRef = BC6D8EAA2C0EFBB700051C0E /* Assets.xcassets */; };
		BC6D8EAE2C0EFBB700051C0E /* Base in Resources */ = {isa = PBXBuildFile; fileRef = BC6D8EAD2C0EFBB700051C0E /* Base */; };
		BC6D8EBB2C0EFDAC00051C0E /* UIExtension.swift in Sources */ = {isa = PBXBuildFile; fileRef = BC6D8EBA2C0EFDAC00051C0E /* UIExtension.swift */; };
		BC6D8EBE2C0F02C900051C0E /* ReusableIdentifier.swift in Sources */ = {isa = PBXBuildFile; fileRef = BC6D8EBD2C0F02C900051C0E /* ReusableIdentifier.swift */; };
		BC6D8EC02C0F02EF00051C0E /* ViewTransition.swift in Sources */ = {isa = PBXBuildFile; fileRef = BC6D8EBF2C0F02EF00051C0E /* ViewTransition.swift */; };
		BC6D8EC32C0F1DE900051C0E /* SnapKit in Frameworks */ = {isa = PBXBuildFile; productRef = BC6D8EC22C0F1DE900051C0E /* SnapKit */; };
		BC6D8EC62C0F1DF200051C0E /* Alamofire in Frameworks */ = {isa = PBXBuildFile; productRef = BC6D8EC52C0F1DF200051C0E /* Alamofire */; };
		BCD9CAB22C0F363900FC0C57 /* EmotionViewController.swift in Sources */ = {isa = PBXBuildFile; fileRef = BCD9CAB12C0F363900FC0C57 /* EmotionViewController.swift */; };
		BCD9CAB42C0F45FF00FC0C57 /* NetflixViewController.swift in Sources */ = {isa = PBXBuildFile; fileRef = BCD9CAB32C0F45FF00FC0C57 /* NetflixViewController.swift */; };
		BCD9CB022C0FE64900FC0C57 /* TestViewController.swift in Sources */ = {isa = PBXBuildFile; fileRef = BCD9CB012C0FE64900FC0C57 /* TestViewController.swift */; };
		BCD9CB192C103B8F00FC0C57 /* .gitignore in Resources */ = {isa = PBXBuildFile; fileRef = BCD9CB182C103B8F00FC0C57 /* .gitignore */; };
		BCD9CB1B2C103CF300FC0C57 /* LotteryViewController.swift in Sources */ = {isa = PBXBuildFile; fileRef = BCD9CB1A2C103CF300FC0C57 /* LotteryViewController.swift */; };
		BCD9CB1D2C103D9100FC0C57 /* CodeBaseUI.swift in Sources */ = {isa = PBXBuildFile; fileRef = BCD9CB1C2C103D9100FC0C57 /* CodeBaseUI.swift */; };
		BCD9CB1F2C103EDD00FC0C57 /* BoxOfficeViewController.swift in Sources */ = {isa = PBXBuildFile; fileRef = BCD9CB1E2C103EDD00FC0C57 /* BoxOfficeViewController.swift */; };
		BCD9CB212C10440E00FC0C57 /* APIKey.swift in Sources */ = {isa = PBXBuildFile; fileRef = BCD9CB202C10440E00FC0C57 /* APIKey.swift */; };
		BCD9CB232C10610F00FC0C57 /* Data.swift in Sources */ = {isa = PBXBuildFile; fileRef = BCD9CB222C10610F00FC0C57 /* Data.swift */; };
		BCD9CB252C10A84D00FC0C57 /* BoxOfficeTableViewCell.swift in Sources */ = {isa = PBXBuildFile; fileRef = BCD9CB242C10A84D00FC0C57 /* BoxOfficeTableViewCell.swift */; };
		BCD9CB282C10B94C00FC0C57 /* Kingfisher in Frameworks */ = {isa = PBXBuildFile; productRef = BCD9CB272C10B94C00FC0C57 /* Kingfisher */; };
/* End PBXBuildFile section */

/* Begin PBXFileReference section */
		BC6D8E9E2C0EFBB600051C0E /* CodeBaseUI.app */ = {isa = PBXFileReference; explicitFileType = wrapper.application; includeInIndex = 0; path = CodeBaseUI.app; sourceTree = BUILT_PRODUCTS_DIR; };
		BC6D8EA12C0EFBB600051C0E /* AppDelegate.swift */ = {isa = PBXFileReference; lastKnownFileType = sourcecode.swift; path = AppDelegate.swift; sourceTree = "<group>"; };
		BC6D8EA32C0EFBB600051C0E /* SceneDelegate.swift */ = {isa = PBXFileReference; lastKnownFileType = sourcecode.swift; path = SceneDelegate.swift; sourceTree = "<group>"; };
		BC6D8EA52C0EFBB600051C0E /* ViewController.swift */ = {isa = PBXFileReference; lastKnownFileType = sourcecode.swift; path = ViewController.swift; sourceTree = "<group>"; };
		BC6D8EAA2C0EFBB700051C0E /* Assets.xcassets */ = {isa = PBXFileReference; lastKnownFileType = folder.assetcatalog; path = Assets.xcassets; sourceTree = "<group>"; };
		BC6D8EAD2C0EFBB700051C0E /* Base */ = {isa = PBXFileReference; lastKnownFileType = file.storyboard; name = Base; path = Base.lproj/LaunchScreen.storyboard; sourceTree = "<group>"; };
		BC6D8EAF2C0EFBB700051C0E /* Info.plist */ = {isa = PBXFileReference; lastKnownFileType = text.plist.xml; path = Info.plist; sourceTree = "<group>"; };
		BC6D8EBA2C0EFDAC00051C0E /* UIExtension.swift */ = {isa = PBXFileReference; lastKnownFileType = sourcecode.swift; path = UIExtension.swift; sourceTree = "<group>"; };
		BC6D8EBD2C0F02C900051C0E /* ReusableIdentifier.swift */ = {isa = PBXFileReference; lastKnownFileType = sourcecode.swift; path = ReusableIdentifier.swift; sourceTree = "<group>"; };
		BC6D8EBF2C0F02EF00051C0E /* ViewTransition.swift */ = {isa = PBXFileReference; lastKnownFileType = sourcecode.swift; path = ViewTransition.swift; sourceTree = "<group>"; };
		BCD9CAB12C0F363900FC0C57 /* EmotionViewController.swift */ = {isa = PBXFileReference; lastKnownFileType = sourcecode.swift; path = EmotionViewController.swift; sourceTree = "<group>"; };
		BCD9CAB32C0F45FF00FC0C57 /* NetflixViewController.swift */ = {isa = PBXFileReference; lastKnownFileType = sourcecode.swift; path = NetflixViewController.swift; sourceTree = "<group>"; };
		BCD9CB012C0FE64900FC0C57 /* TestViewController.swift */ = {isa = PBXFileReference; lastKnownFileType = sourcecode.swift; path = TestViewController.swift; sourceTree = "<group>"; };
		BCD9CB182C103B8F00FC0C57 /* .gitignore */ = {isa = PBXFileReference; lastKnownFileType = text; path = .gitignore; sourceTree = "<group>"; };
		BCD9CB1A2C103CF300FC0C57 /* LotteryViewController.swift */ = {isa = PBXFileReference; lastKnownFileType = sourcecode.swift; path = LotteryViewController.swift; sourceTree = "<group>"; };
		BCD9CB1C2C103D9100FC0C57 /* CodeBaseUI.swift */ = {isa = PBXFileReference; lastKnownFileType = sourcecode.swift; path = CodeBaseUI.swift; sourceTree = "<group>"; };
		BCD9CB1E2C103EDD00FC0C57 /* BoxOfficeViewController.swift */ = {isa = PBXFileReference; lastKnownFileType = sourcecode.swift; path = BoxOfficeViewController.swift; sourceTree = "<group>"; };
		BCD9CB202C10440E00FC0C57 /* APIKey.swift */ = {isa = PBXFileReference; lastKnownFileType = sourcecode.swift; path = APIKey.swift; sourceTree = "<group>"; };
		BCD9CB222C10610F00FC0C57 /* Data.swift */ = {isa = PBXFileReference; lastKnownFileType = sourcecode.swift; path = Data.swift; sourceTree = "<group>"; };
		BCD9CB242C10A84D00FC0C57 /* BoxOfficeTableViewCell.swift */ = {isa = PBXFileReference; lastKnownFileType = sourcecode.swift; path = BoxOfficeTableViewCell.swift; sourceTree = "<group>"; };
/* End PBXFileReference section */

/* Begin PBXFrameworksBuildPhase section */
		BC6D8E9B2C0EFBB600051C0E /* Frameworks */ = {
			isa = PBXFrameworksBuildPhase;
			buildActionMask = 2147483647;
			files = (
				BCD9CB282C10B94C00FC0C57 /* Kingfisher in Frameworks */,
				BC6D8EC32C0F1DE900051C0E /* SnapKit in Frameworks */,
				BC6D8EC62C0F1DF200051C0E /* Alamofire in Frameworks */,
			);
			runOnlyForDeploymentPostprocessing = 0;
		};
/* End PBXFrameworksBuildPhase section */

/* Begin PBXGroup section */
		BC6D8E952C0EFBB600051C0E = {
			isa = PBXGroup;
			children = (
				BCD9CB182C103B8F00FC0C57 /* .gitignore */,
				BC6D8EA02C0EFBB600051C0E /* CodeBaseUI */,
				BC6D8E9F2C0EFBB600051C0E /* Products */,
			);
			sourceTree = "<group>";
		};
		BC6D8E9F2C0EFBB600051C0E /* Products */ = {
			isa = PBXGroup;
			children = (
				BC6D8E9E2C0EFBB600051C0E /* CodeBaseUI.app */,
			);
			name = Products;
			sourceTree = "<group>";
		};
		BC6D8EA02C0EFBB600051C0E /* CodeBaseUI */ = {
			isa = PBXGroup;
			children = (
				BCD9CB172C103B4C00FC0C57 /* APIPractice */,
				BCD9CAB02C0F362100FC0C57 /* UIPractice */,
				BC6D8EBC2C0F02BB00051C0E /* Common */,
				BC6D8EA12C0EFBB600051C0E /* AppDelegate.swift */,
				BC6D8EA32C0EFBB600051C0E /* SceneDelegate.swift */,
				BC6D8EA52C0EFBB600051C0E /* ViewController.swift */,
				BC6D8EAA2C0EFBB700051C0E /* Assets.xcassets */,
				BC6D8EAC2C0EFBB700051C0E /* LaunchScreen.storyboard */,
				BC6D8EAF2C0EFBB700051C0E /* Info.plist */,
				BC6D8EBA2C0EFDAC00051C0E /* UIExtension.swift */,
				BCD9CB012C0FE64900FC0C57 /* TestViewController.swift */,
			);
			path = CodeBaseUI;
			sourceTree = "<group>";
		};
		BC6D8EBC2C0F02BB00051C0E /* Common */ = {
			isa = PBXGroup;
			children = (
				BC6D8EBD2C0F02C900051C0E /* ReusableIdentifier.swift */,
				BC6D8EBF2C0F02EF00051C0E /* ViewTransition.swift */,
				BCD9CB1C2C103D9100FC0C57 /* CodeBaseUI.swift */,
				BCD9CB202C10440E00FC0C57 /* APIKey.swift */,
			);
			path = Common;
			sourceTree = "<group>";
		};
		BCD9CAB02C0F362100FC0C57 /* UIPractice */ = {
			isa = PBXGroup;
			children = (
				BCD9CAB12C0F363900FC0C57 /* EmotionViewController.swift */,
				BCD9CAB32C0F45FF00FC0C57 /* NetflixViewController.swift */,
			);
			path = UIPractice;
			sourceTree = "<group>";
		};
		BCD9CB172C103B4C00FC0C57 /* APIPractice */ = {
			isa = PBXGroup;
			children = (
				BCD9CB1A2C103CF300FC0C57 /* LotteryViewController.swift */,
				BCD9CB1E2C103EDD00FC0C57 /* BoxOfficeViewController.swift */,
				BCD9CB222C10610F00FC0C57 /* Data.swift */,
				BCD9CB242C10A84D00FC0C57 /* BoxOfficeTableViewCell.swift */,
			);
			path = APIPractice;
			sourceTree = "<group>";
		};
/* End PBXGroup section */

/* Begin PBXNativeTarget section */
		BC6D8E9D2C0EFBB600051C0E /* CodeBaseUI */ = {
			isa = PBXNativeTarget;
			buildConfigurationList = BC6D8EB22C0EFBB700051C0E /* Build configuration list for PBXNativeTarget "CodeBaseUI" */;
			buildPhases = (
				BC6D8E9A2C0EFBB600051C0E /* Sources */,
				BC6D8E9B2C0EFBB600051C0E /* Frameworks */,
				BC6D8E9C2C0EFBB600051C0E /* Resources */,
			);
			buildRules = (
			);
			dependencies = (
			);
			name = CodeBaseUI;
			packageProductDependencies = (
				BC6D8EC22C0F1DE900051C0E /* SnapKit */,
				BC6D8EC52C0F1DF200051C0E /* Alamofire */,
				BCD9CB272C10B94C00FC0C57 /* Kingfisher */,
			);
			productName = CodeBaseUI;
			productReference = BC6D8E9E2C0EFBB600051C0E /* CodeBaseUI.app */;
			productType = "com.apple.product-type.application";
		};
/* End PBXNativeTarget section */

/* Begin PBXProject section */
		BC6D8E962C0EFBB600051C0E /* Project object */ = {
			isa = PBXProject;
			attributes = {
				BuildIndependentTargetsInParallel = 1;
				LastSwiftUpdateCheck = 1540;
				LastUpgradeCheck = 1540;
				TargetAttributes = {
					BC6D8E9D2C0EFBB600051C0E = {
						CreatedOnToolsVersion = 15.4;
					};
				};
			};
			buildConfigurationList = BC6D8E992C0EFBB600051C0E /* Build configuration list for PBXProject "CodeBaseUI" */;
			compatibilityVersion = "Xcode 14.0";
			developmentRegion = en;
			hasScannedForEncodings = 0;
			knownRegions = (
				en,
				Base,
			);
			mainGroup = BC6D8E952C0EFBB600051C0E;
			packageReferences = (
				BC6D8EC12C0F1DE800051C0E /* XCRemoteSwiftPackageReference "SnapKit" */,
				BC6D8EC42C0F1DF200051C0E /* XCRemoteSwiftPackageReference "Alamofire" */,
				BCD9CB262C10B94C00FC0C57 /* XCRemoteSwiftPackageReference "Kingfisher" */,
			);
			productRefGroup = BC6D8E9F2C0EFBB600051C0E /* Products */;
			projectDirPath = "";
			projectRoot = "";
			targets = (
				BC6D8E9D2C0EFBB600051C0E /* CodeBaseUI */,
			);
		};
/* End PBXProject section */

/* Begin PBXResourcesBuildPhase section */
		BC6D8E9C2C0EFBB600051C0E /* Resources */ = {
			isa = PBXResourcesBuildPhase;
			buildActionMask = 2147483647;
			files = (
				BC6D8EAB2C0EFBB700051C0E /* Assets.xcassets in Resources */,
				BCD9CB192C103B8F00FC0C57 /* .gitignore in Resources */,
				BC6D8EAE2C0EFBB700051C0E /* Base in Resources */,
			);
			runOnlyForDeploymentPostprocessing = 0;
		};
/* End PBXResourcesBuildPhase section */

/* Begin PBXSourcesBuildPhase section */
		BC6D8E9A2C0EFBB600051C0E /* Sources */ = {
			isa = PBXSourcesBuildPhase;
			buildActionMask = 2147483647;
			files = (
				BC6D8EBE2C0F02C900051C0E /* ReusableIdentifier.swift in Sources */,
				BCD9CB1D2C103D9100FC0C57 /* CodeBaseUI.swift in Sources */,
				BC6D8EA62C0EFBB600051C0E /* ViewController.swift in Sources */,
				BC6D8EA22C0EFBB600051C0E /* AppDelegate.swift in Sources */,
				BCD9CAB22C0F363900FC0C57 /* EmotionViewController.swift in Sources */,
				BCD9CB1B2C103CF300FC0C57 /* LotteryViewController.swift in Sources */,
				BCD9CB252C10A84D00FC0C57 /* BoxOfficeTableViewCell.swift in Sources */,
				BC6D8EBB2C0EFDAC00051C0E /* UIExtension.swift in Sources */,
				BCD9CB232C10610F00FC0C57 /* Data.swift in Sources */,
				BC6D8EA42C0EFBB600051C0E /* SceneDelegate.swift in Sources */,
				BCD9CB1F2C103EDD00FC0C57 /* BoxOfficeViewController.swift in Sources */,
				BC6D8EC02C0F02EF00051C0E /* ViewTransition.swift in Sources */,
				BCD9CB022C0FE64900FC0C57 /* TestViewController.swift in Sources */,
				BCD9CB212C10440E00FC0C57 /* APIKey.swift in Sources */,
				BCD9CAB42C0F45FF00FC0C57 /* NetflixViewController.swift in Sources */,
			);
			runOnlyForDeploymentPostprocessing = 0;
		};
/* End PBXSourcesBuildPhase section */

/* Begin PBXVariantGroup section */
		BC6D8EAC2C0EFBB700051C0E /* LaunchScreen.storyboard */ = {
			isa = PBXVariantGroup;
			children = (
				BC6D8EAD2C0EFBB700051C0E /* Base */,
			);
			name = LaunchScreen.storyboard;
			sourceTree = "<group>";
		};
/* End PBXVariantGroup section */

/* Begin XCBuildConfiguration section */
		BC6D8EB02C0EFBB700051C0E /* Debug */ = {
			isa = XCBuildConfiguration;
			buildSettings = {
				ALWAYS_SEARCH_USER_PATHS = NO;
				ASSETCATALOG_COMPILER_GENERATE_SWIFT_ASSET_SYMBOL_EXTENSIONS = YES;
				CLANG_ANALYZER_NONNULL = YES;
				CLANG_ANALYZER_NUMBER_OBJECT_CONVERSION = YES_AGGRESSIVE;
				CLANG_CXX_LANGUAGE_STANDARD = "gnu++20";
				CLANG_ENABLE_MODULES = YES;
				CLANG_ENABLE_OBJC_ARC = YES;
				CLANG_ENABLE_OBJC_WEAK = YES;
				CLANG_WARN_BLOCK_CAPTURE_AUTORELEASING = YES;
				CLANG_WARN_BOOL_CONVERSION = YES;
				CLANG_WARN_COMMA = YES;
				CLANG_WARN_CONSTANT_CONVERSION = YES;
				CLANG_WARN_DEPRECATED_OBJC_IMPLEMENTATIONS = YES;
				CLANG_WARN_DIRECT_OBJC_ISA_USAGE = YES_ERROR;
				CLANG_WARN_DOCUMENTATION_COMMENTS = YES;
				CLANG_WARN_EMPTY_BODY = YES;
				CLANG_WARN_ENUM_CONVERSION = YES;
				CLANG_WARN_INFINITE_RECURSION = YES;
				CLANG_WARN_INT_CONVERSION = YES;
				CLANG_WARN_NON_LITERAL_NULL_CONVERSION = YES;
				CLANG_WARN_OBJC_IMPLICIT_RETAIN_SELF = YES;
				CLANG_WARN_OBJC_LITERAL_CONVERSION = YES;
				CLANG_WARN_OBJC_ROOT_CLASS = YES_ERROR;
				CLANG_WARN_QUOTED_INCLUDE_IN_FRAMEWORK_HEADER = YES;
				CLANG_WARN_RANGE_LOOP_ANALYSIS = YES;
				CLANG_WARN_STRICT_PROTOTYPES = YES;
				CLANG_WARN_SUSPICIOUS_MOVE = YES;
				CLANG_WARN_UNGUARDED_AVAILABILITY = YES_AGGRESSIVE;
				CLANG_WARN_UNREACHABLE_CODE = YES;
				CLANG_WARN__DUPLICATE_METHOD_MATCH = YES;
				COPY_PHASE_STRIP = NO;
				DEBUG_INFORMATION_FORMAT = dwarf;
				ENABLE_STRICT_OBJC_MSGSEND = YES;
				ENABLE_TESTABILITY = YES;
				ENABLE_USER_SCRIPT_SANDBOXING = YES;
				GCC_C_LANGUAGE_STANDARD = gnu17;
				GCC_DYNAMIC_NO_PIC = NO;
				GCC_NO_COMMON_BLOCKS = YES;
				GCC_OPTIMIZATION_LEVEL = 0;
				GCC_PREPROCESSOR_DEFINITIONS = (
					"DEBUG=1",
					"$(inherited)",
				);
				GCC_WARN_64_TO_32_BIT_CONVERSION = YES;
				GCC_WARN_ABOUT_RETURN_TYPE = YES_ERROR;
				GCC_WARN_UNDECLARED_SELECTOR = YES;
				GCC_WARN_UNINITIALIZED_AUTOS = YES_AGGRESSIVE;
				GCC_WARN_UNUSED_FUNCTION = YES;
				GCC_WARN_UNUSED_VARIABLE = YES;
				IPHONEOS_DEPLOYMENT_TARGET = 17.5;
				LOCALIZATION_PREFERS_STRING_CATALOGS = YES;
				MTL_ENABLE_DEBUG_INFO = INCLUDE_SOURCE;
				MTL_FAST_MATH = YES;
				ONLY_ACTIVE_ARCH = YES;
				SDKROOT = iphoneos;
				SWIFT_ACTIVE_COMPILATION_CONDITIONS = "DEBUG $(inherited)";
				SWIFT_OPTIMIZATION_LEVEL = "-Onone";
			};
			name = Debug;
		};
		BC6D8EB12C0EFBB700051C0E /* Release */ = {
			isa = XCBuildConfiguration;
			buildSettings = {
				ALWAYS_SEARCH_USER_PATHS = NO;
				ASSETCATALOG_COMPILER_GENERATE_SWIFT_ASSET_SYMBOL_EXTENSIONS = YES;
				CLANG_ANALYZER_NONNULL = YES;
				CLANG_ANALYZER_NUMBER_OBJECT_CONVERSION = YES_AGGRESSIVE;
				CLANG_CXX_LANGUAGE_STANDARD = "gnu++20";
				CLANG_ENABLE_MODULES = YES;
				CLANG_ENABLE_OBJC_ARC = YES;
				CLANG_ENABLE_OBJC_WEAK = YES;
				CLANG_WARN_BLOCK_CAPTURE_AUTORELEASING = YES;
				CLANG_WARN_BOOL_CONVERSION = YES;
				CLANG_WARN_COMMA = YES;
				CLANG_WARN_CONSTANT_CONVERSION = YES;
				CLANG_WARN_DEPRECATED_OBJC_IMPLEMENTATIONS = YES;
				CLANG_WARN_DIRECT_OBJC_ISA_USAGE = YES_ERROR;
				CLANG_WARN_DOCUMENTATION_COMMENTS = YES;
				CLANG_WARN_EMPTY_BODY = YES;
				CLANG_WARN_ENUM_CONVERSION = YES;
				CLANG_WARN_INFINITE_RECURSION = YES;
				CLANG_WARN_INT_CONVERSION = YES;
				CLANG_WARN_NON_LITERAL_NULL_CONVERSION = YES;
				CLANG_WARN_OBJC_IMPLICIT_RETAIN_SELF = YES;
				CLANG_WARN_OBJC_LITERAL_CONVERSION = YES;
				CLANG_WARN_OBJC_ROOT_CLASS = YES_ERROR;
				CLANG_WARN_QUOTED_INCLUDE_IN_FRAMEWORK_HEADER = YES;
				CLANG_WARN_RANGE_LOOP_ANALYSIS = YES;
				CLANG_WARN_STRICT_PROTOTYPES = YES;
				CLANG_WARN_SUSPICIOUS_MOVE = YES;
				CLANG_WARN_UNGUARDED_AVAILABILITY = YES_AGGRESSIVE;
				CLANG_WARN_UNREACHABLE_CODE = YES;
				CLANG_WARN__DUPLICATE_METHOD_MATCH = YES;
				COPY_PHASE_STRIP = NO;
				DEBUG_INFORMATION_FORMAT = "dwarf-with-dsym";
				ENABLE_NS_ASSERTIONS = NO;
				ENABLE_STRICT_OBJC_MSGSEND = YES;
				ENABLE_USER_SCRIPT_SANDBOXING = YES;
				GCC_C_LANGUAGE_STANDARD = gnu17;
				GCC_NO_COMMON_BLOCKS = YES;
				GCC_WARN_64_TO_32_BIT_CONVERSION = YES;
				GCC_WARN_ABOUT_RETURN_TYPE = YES_ERROR;
				GCC_WARN_UNDECLARED_SELECTOR = YES;
				GCC_WARN_UNINITIALIZED_AUTOS = YES_AGGRESSIVE;
				GCC_WARN_UNUSED_FUNCTION = YES;
				GCC_WARN_UNUSED_VARIABLE = YES;
				IPHONEOS_DEPLOYMENT_TARGET = 17.5;
				LOCALIZATION_PREFERS_STRING_CATALOGS = YES;
				MTL_ENABLE_DEBUG_INFO = NO;
				MTL_FAST_MATH = YES;
				SDKROOT = iphoneos;
				SWIFT_COMPILATION_MODE = wholemodule;
				VALIDATE_PRODUCT = YES;
			};
			name = Release;
		};
		BC6D8EB32C0EFBB700051C0E /* Debug */ = {
			isa = XCBuildConfiguration;
			buildSettings = {
				ASSETCATALOG_COMPILER_APPICON_NAME = AppIcon;
				ASSETCATALOG_COMPILER_GLOBAL_ACCENT_COLOR_NAME = AccentColor;
				CODE_SIGN_STYLE = Automatic;
				CURRENT_PROJECT_VERSION = 1;
				DEVELOPMENT_TEAM = F8FT97JYZT;
				GENERATE_INFOPLIST_FILE = YES;
				INFOPLIST_FILE = CodeBaseUI/Info.plist;
				INFOPLIST_KEY_UIApplicationSupportsIndirectInputEvents = YES;
				INFOPLIST_KEY_UILaunchStoryboardName = LaunchScreen;
				INFOPLIST_KEY_UISupportedInterfaceOrientations = UIInterfaceOrientationPortrait;
				IPHONEOS_DEPLOYMENT_TARGET = 16.0;
				LD_RUNPATH_SEARCH_PATHS = (
					"$(inherited)",
					"@executable_path/Frameworks",
				);
				MARKETING_VERSION = 1.0;
				PRODUCT_BUNDLE_IDENTIFIER = tunastorm.CodeBaseUI;
				PRODUCT_NAME = "$(TARGET_NAME)";
				SUPPORTED_PLATFORMS = "iphoneos iphonesimulator";
				SUPPORTS_MACCATALYST = NO;
				SUPPORTS_MAC_DESIGNED_FOR_IPHONE_IPAD = NO;
				SUPPORTS_XR_DESIGNED_FOR_IPHONE_IPAD = NO;
				SWIFT_EMIT_LOC_STRINGS = YES;
				SWIFT_VERSION = 5.0;
				TARGETED_DEVICE_FAMILY = 1;
			};
			name = Debug;
		};
		BC6D8EB42C0EFBB700051C0E /* Release */ = {
			isa = XCBuildConfiguration;
			buildSettings = {
				ASSETCATALOG_COMPILER_APPICON_NAME = AppIcon;
				ASSETCATALOG_COMPILER_GLOBAL_ACCENT_COLOR_NAME = AccentColor;
				CODE_SIGN_STYLE = Automatic;
				CURRENT_PROJECT_VERSION = 1;
				DEVELOPMENT_TEAM = F8FT97JYZT;
				GENERATE_INFOPLIST_FILE = YES;
				INFOPLIST_FILE = CodeBaseUI/Info.plist;
				INFOPLIST_KEY_UIApplicationSupportsIndirectInputEvents = YES;
				INFOPLIST_KEY_UILaunchStoryboardName = LaunchScreen;
				INFOPLIST_KEY_UISupportedInterfaceOrientations = UIInterfaceOrientationPortrait;
				IPHONEOS_DEPLOYMENT_TARGET = 16.0;
				LD_RUNPATH_SEARCH_PATHS = (
					"$(inherited)",
					"@executable_path/Frameworks",
				);
				MARKETING_VERSION = 1.0;
				PRODUCT_BUNDLE_IDENTIFIER = tunastorm.CodeBaseUI;
				PRODUCT_NAME = "$(TARGET_NAME)";
				SUPPORTED_PLATFORMS = "iphoneos iphonesimulator";
				SUPPORTS_MACCATALYST = NO;
				SUPPORTS_MAC_DESIGNED_FOR_IPHONE_IPAD = NO;
				SUPPORTS_XR_DESIGNED_FOR_IPHONE_IPAD = NO;
				SWIFT_EMIT_LOC_STRINGS = YES;
				SWIFT_VERSION = 5.0;
				TARGETED_DEVICE_FAMILY = 1;
			};
			name = Release;
		};
/* End XCBuildConfiguration section */

/* Begin XCConfigurationList section */
		BC6D8E992C0EFBB600051C0E /* Build configuration list for PBXProject "CodeBaseUI" */ = {
			isa = XCConfigurationList;
			buildConfigurations = (
				BC6D8EB02C0EFBB700051C0E /* Debug */,
				BC6D8EB12C0EFBB700051C0E /* Release */,
			);
			defaultConfigurationIsVisible = 0;
			defaultConfigurationName = Release;
		};
		BC6D8EB22C0EFBB700051C0E /* Build configuration list for PBXNativeTarget "CodeBaseUI" */ = {
			isa = XCConfigurationList;
			buildConfigurations = (
				BC6D8EB32C0EFBB700051C0E /* Debug */,
				BC6D8EB42C0EFBB700051C0E /* Release */,
			);
			defaultConfigurationIsVisible = 0;
			defaultConfigurationName = Release;
		};
/* End XCConfigurationList section */

/* Begin XCRemoteSwiftPackageReference section */
		BC6D8EC12C0F1DE800051C0E /* XCRemoteSwiftPackageReference "SnapKit" */ = {
			isa = XCRemoteSwiftPackageReference;
			repositoryURL = "https://github.com/SnapKit/SnapKit.git";
			requirement = {
				kind = upToNextMajorVersion;
				minimumVersion = 5.7.1;
			};
		};
		BC6D8EC42C0F1DF200051C0E /* XCRemoteSwiftPackageReference "Alamofire" */ = {
			isa = XCRemoteSwiftPackageReference;
			repositoryURL = "https://github.com/Alamofire/Alamofire.git";
			requirement = {
				kind = upToNextMajorVersion;
				minimumVersion = 5.9.1;
			};
		};
		BCD9CB262C10B94C00FC0C57 /* XCRemoteSwiftPackageReference "Kingfisher" */ = {
			isa = XCRemoteSwiftPackageReference;
			repositoryURL = "https://github.com/onevcat/Kingfisher.git";
			requirement = {
				kind = upToNextMajorVersion;
				minimumVersion = 7.11.0;
			};
		};
/* End XCRemoteSwiftPackageReference section */

/* Begin XCSwiftPackageProductDependency section */
		BC6D8EC22C0F1DE900051C0E /* SnapKit */ = {
			isa = XCSwiftPackageProductDependency;
			package = BC6D8EC12C0F1DE800051C0E /* XCRemoteSwiftPackageReference "SnapKit" */;
			productName = SnapKit;
		};
		BC6D8EC52C0F1DF200051C0E /* Alamofire */ = {
			isa = XCSwiftPackageProductDependency;
			package = BC6D8EC42C0F1DF200051C0E /* XCRemoteSwiftPackageReference "Alamofire" */;
			productName = Alamofire;
		};
		BCD9CB272C10B94C00FC0C57 /* Kingfisher */ = {
			isa = XCSwiftPackageProductDependency;
			package = BCD9CB262C10B94C00FC0C57 /* XCRemoteSwiftPackageReference "Kingfisher" */;
			productName = Kingfisher;
		};
/* End XCSwiftPackageProductDependency section */
	};
	rootObject = BC6D8E962C0EFBB600051C0E /* Project object */;
}
